
Microsoft Visual Studio Solution File, Format Version 12.00
# Visual Studio Version 17
VisualStudioVersion = 17.9.34728.123
MinimumVisualStudioVersion = 10.0.40219.1
Project("{FAE04EC0-301F-11D3-BF4B-00C04F79EFBC}") = "Athentification", "Athentification.csproj", "{FDCCC482-B597-4843-8E77-B8A1D5BF310C}"
EndProject
Global
	GlobalSection(SolutionConfigurationPlatforms) = preSolution
		Debug|Any CPU = Debug|Any CPU
		Release|Any CPU = Release|Any CPU
	EndGlobalSection
	GlobalSection(ProjectConfigurationPlatforms) = postSolution
		{FDCCC482-B597-4843-8E77-B8A1D5BF310C}.Debug|Any CPU.ActiveCfg = Debug|Any CPU
		{FDCCC482-B597-4843-8E77-B8A1D5BF310C}.Debug|Any CPU.Build.0 = Debug|Any CPU
		{FDCCC482-B597-4843-8E77-B8A1D5BF310C}.Release|Any CPU.ActiveCfg = Release|Any CPU
		{FDCCC482-B597-4843-8E77-B8A1D5BF310C}.Release|Any CPU.Build.0 = Release|Any CPU
	EndGlobalSection
	GlobalSection(SolutionProperties) = preSolution
		HideSolutionNode = FALSE
	EndGlobalSection
	GlobalSection(ExtensibilityGlobals) = postSolution
		SolutionGuid = {214DB4BC-CB06-47D4-815E-3468116302A1}
	EndGlobalSection
EndGlobal
